<?xml version="1.0" encoding="UTF-8" standalone="yes" ?>
<CodeBlocks_project_file>
	<FileVersion major="1" minor="4" />
	<Project>
		<Option title="expat" />
		<Option pch_mode="0" />
		<Option compiler="gcc" />
		<Build>
			<Target title="default">
				<Option output="..\expat.dll" />
				<Option working_dir="..\..\win32" />
				<Option object_output="..\.objs" />
				<Option type="3" />
				<Option compiler="gcc" />
				<Option includeInTargetAll="1" />
				<Option createStaticLib="1" />
			</Target>
		</Build>
		<Compiler>
			<Add option="-O2" />
			<Add option="-pedantic" />
			<Add option="-W" />
			<Add option="-Wall" />
			<Add option="-DBUILD_DLL" />
			<Add option="-DXML_NS" />
		</Compiler>
		<Linker>
			<Add option="-s" />
		</Linker>
		<Unit filename="..\Expat\ascii.h">
			<Option compilerVar="CPP" />
			<Option compile="0" />
			<Option link="0" />
			<Option target="default" />
		</Unit>
		<Unit filename="..\Expat\asciitab.h">
			<Option compilerVar="CPP" />
			<Option compile="0" />
			<Option link="0" />
			<Option target="default" />
		</Unit>
		<Unit filename="..\Expat\expat.h">
			<Option compilerVar="CPP" />
			<Option compile="0" />
			<Option link="0" />
			<Option target="default" />
		</Unit>
		<Unit filename="..\Expat\expat_external.h">
			<Option compilerVar="CPP" />
			<Option compile="0" />
			<Option link="0" />
			<Option target="default" />
		</Unit>
		<Unit filename="..\Expat\iasciitab.h">
			<Option compilerVar="CPP" />
			<Option compile="0" />
			<Option link="0" />
			<Option target="default" />
		</Unit>
		<Unit filename="..\Expat\internal.h">
			<Option compilerVar="CPP" />
			<Option compile="0" />
			<Option link="0" />
			<Option target="default" />
		</Unit>
		<Unit filename="..\Expat\latin1tab.h">
			<Option compilerVar="CPP" />
			<Option compile="0" />
			<Option link="0" />
			<Option target="default" />
		</Unit>
		<Unit filename="..\Expat\nametab.h">
			<Option compilerVar="CPP" />
			<Option compile="0" />
			<Option link="0" />
			<Option target="default" />
		</Unit>
		<Unit filename="..\Expat\utf8tab.h">
			<Option compilerVar="CPP" />
			<Option compile="0" />
			<Option link="0" />
			<Option target="default" />
		</Unit>
		<Unit filename="..\Expat\winconfig.h">
			<Option compilerVar="CPP" />
			<Option compile="0" />
			<Option link="0" />
			<Option target="default" />
		</Unit>
		<Unit filename="..\Expat\xmlparse.c">
			<Option compilerVar="CC" />
			<Option target="default" />
		</Unit>
		<Unit filename="..\Expat\xmlrole.c">
			<Option compilerVar="CC" />
			<Option target="default" />
		</Unit>
		<Unit filename="..\Expat\xmlrole.h">
			<Option compilerVar="CPP" />
			<Option compile="0" />
			<Option link="0" />
			<Option target="default" />
		</Unit>
		<Unit filename="..\Expat\xmltok.c">
			<Option compilerVar="CC" />
			<Option target="default" />
		</Unit>
		<Unit filename="..\Expat\xmltok.h">
			<Option compilerVar="CPP" />
			<Option compile="0" />
			<Option link="0" />
			<Option target="default" />
		</Unit>
		<Unit filename="..\Expat\xmltok_impl.c">
			<Option compilerVar="CC" />
			<Option target="default" />
		</Unit>
		<Unit filename="..\Expat\xmltok_impl.h">
			<Option compilerVar="CPP" />
			<Option compile="0" />
			<Option link="0" />
			<Option target="default" />
		</Unit>
		<Unit filename="..\Expat\xmltok_ns.c">
			<Option compilerVar="CC" />
			<Option target="default" />
		</Unit>
	</Project>
</CodeBlocks_project_file>