<?xml version="1.0" encoding="UTF-8" standalone="yes" ?>
<CodeBlocks_project_file>
	<FileVersion major="1" minor="4" />
	<Project>
		<Option title="xsdck" />
		<Option pch_mode="0" />
		<Option compiler="gcc" />
		<Build>
			<Target title="default">
				<Option output="..\xsdck.exe" />
				<Option working_dir="..\..\win32" />
				<Option object_output="..\.objs" />
				<Option type="1" />
				<Option compiler="gcc" />
				<Option includeInTargetAll="1" />
			</Target>
		</Build>
		<Compiler>
			<Add option="-O2" />
			<Add option="-pedantic" />
			<Add option="-W" />
			<Add option="-Wall" />
			<Add option="-DXML_NS=1" />
			<Add option="-DUNISTD_H=&lt;unistd.h&gt;" />
			<Add option="-DEXPAT_H=&lt;expat.h&gt;" />
			<Add directory="..\Expat" />
		</Compiler>
		<Linker>
			<Add option="-s" />
			<Add library="..\libexpat.a" />
		</Linker>
		<Unit filename="..\..\ary.c">
			<Option compilerVar="CC" />
			<Option target="default" />
		</Unit>
		<Unit filename="..\..\ary.h">
			<Option compilerVar="CPP" />
			<Option compile="0" />
			<Option link="0" />
			<Option target="default" />
		</Unit>
		<Unit filename="..\..\drv.c">
			<Option compilerVar="CC" />
			<Option target="default" />
		</Unit>
		<Unit filename="..\..\drv.h">
			<Option compilerVar="CPP" />
			<Option compile="0" />
			<Option link="0" />
			<Option target="default" />
		</Unit>
		<Unit filename="..\..\er.c">
			<Option compilerVar="CC" />
			<Option target="default" />
		</Unit>
		<Unit filename="..\..\er.h">
			<Option compilerVar="CPP" />
			<Option compile="0" />
			<Option link="0" />
			<Option target="default" />
		</Unit>
		<Unit filename="..\..\erbit.h">
			<Option compilerVar="CPP" />
			<Option compile="0" />
			<Option link="0" />
			<Option target="default" />
		</Unit>
		<Unit filename="..\..\ht.c">
			<Option compilerVar="CC" />
			<Option target="default" />
		</Unit>
		<Unit filename="..\..\ht.h">
			<Option compilerVar="CPP" />
			<Option compile="0" />
			<Option link="0" />
			<Option target="default" />
		</Unit>
		<Unit filename="..\..\m.c">
			<Option compilerVar="CC" />
			<Option target="default" />
		</Unit>
		<Unit filename="..\..\m.h">
			<Option compilerVar="CPP" />
			<Option compile="0" />
			<Option link="0" />
			<Option target="default" />
		</Unit>
		<Unit filename="..\..\rn.c">
			<Option compilerVar="CC" />
			<Option target="default" />
		</Unit>
		<Unit filename="..\..\rn.h">
			<Option compilerVar="CPP" />
			<Option compile="0" />
			<Option link="0" />
			<Option target="default" />
		</Unit>
		<Unit filename="..\..\rnc.c">
			<Option compilerVar="CC" />
			<Option target="default" />
		</Unit>
		<Unit filename="..\..\rnc.h">
			<Option compilerVar="CPP" />
			<Option compile="0" />
			<Option link="0" />
			<Option target="default" />
		</Unit>
		<Unit filename="..\..\rnd.c">
			<Option compilerVar="CC" />
			<Option target="default" />
		</Unit>
		<Unit filename="..\..\rnd.h">
			<Option compilerVar="CPP" />
			<Option compile="0" />
			<Option link="0" />
			<Option target="default" />
		</Unit>
		<Unit filename="..\..\rnl.c">
			<Option compilerVar="CC" />
			<Option target="default" />
		</Unit>
		<Unit filename="..\..\rnl.h">
			<Option compilerVar="CPP" />
			<Option compile="0" />
			<Option link="0" />
			<Option target="default" />
		</Unit>
		<Unit filename="..\..\rnv.c">
			<Option compilerVar="CC" />
			<Option target="default" />
		</Unit>
		<Unit filename="..\..\rnv.h">
			<Option compilerVar="CPP" />
			<Option compile="0" />
			<Option link="0" />
			<Option target="default" />
		</Unit>
		<Unit filename="..\..\rnx.c">
			<Option compilerVar="CC" />
			<Option target="default" />
		</Unit>
		<Unit filename="..\..\rx.c">
			<Option compilerVar="CC" />
			<Option target="default" />
		</Unit>
		<Unit filename="..\..\rx.h">
			<Option compilerVar="CPP" />
			<Option compile="0" />
			<Option link="0" />
			<Option target="default" />
		</Unit>
		<Unit filename="..\..\s.c">
			<Option compilerVar="CC" />
			<Option target="default" />
		</Unit>
		<Unit filename="..\..\s.h">
			<Option compilerVar="CPP" />
			<Option compile="0" />
			<Option link="0" />
			<Option target="default" />
		</Unit>
		<Unit filename="..\..\sc.c">
			<Option compilerVar="CC" />
			<Option target="default" />
		</Unit>
		<Unit filename="..\..\sc.h">
			<Option compilerVar="CPP" />
			<Option compile="0" />
			<Option link="0" />
			<Option target="default" />
		</Unit>
		<Unit filename="..\..\u.c">
			<Option compilerVar="CC" />
			<Option target="default" />
		</Unit>
		<Unit filename="..\..\u.h">
			<Option compilerVar="CPP" />
			<Option compile="0" />
			<Option link="0" />
			<Option target="default" />
		</Unit>
		<Unit filename="..\..\xmlc.c">
			<Option compilerVar="CC" />
			<Option target="default" />
		</Unit>
		<Unit filename="..\..\xmlc.h">
			<Option compilerVar="CPP" />
			<Option compile="0" />
			<Option link="0" />
			<Option target="default" />
		</Unit>
		<Unit filename="..\..\xsd.c">
			<Option compilerVar="CC" />
			<Option target="default" />
		</Unit>
		<Unit filename="..\..\xsd.h">
			<Option compilerVar="CPP" />
			<Option compile="0" />
			<Option link="0" />
			<Option target="default" />
		</Unit>
		<Unit filename="..\..\xsd_tm.c">
			<Option compilerVar="CC" />
			<Option target="default" />
		</Unit>
		<Unit filename="..\..\xsd_tm.h">
			<Option compilerVar="CPP" />
			<Option compile="0" />
			<Option link="0" />
			<Option target="default" />
		</Unit>
		<Unit filename="..\..\xsdck.c">
			<Option compilerVar="CC" />
			<Option target="default" />
		</Unit>
	</Project>
</CodeBlocks_project_file>